# This file is automatically @generated by Cargo.
# It is not intended for manual editing.
version = 3

[[package]]
name = "test_40a48f47864a"
version = "0.1.0"

[[package]]
name = "test_61a7cd7f28e0"
version = "0.1.0-nodocsrssettings"
dependencies = [
 "test_40a48f47864a",
 "test_7018a98a70c0",
]

[[package]]
name = "test_7018a98a70c0"
version = "0.1.0"
